{
  "requires": true,
  "lockfileVersion": 1,
  "dependencies": {
    "@babel/helper-string-parser": {
      "version": "7.23.4",
      "resolved": "https://registry.npmjs.org/@babel/helper-string-parser/-/helper-string-parser-7.23.4.tgz",
      "integrity": "sha512-803gmbQdqwdf4olxrX4AJyFBV/RTr3rSmOj0rKwesmzlfhYNDEs+/iOcznzpNWlJlIlTJC2QfPFcHB6DlzdVLQ==",
      "dev": true
    },
    "@babel/helper-validator-identifier": {
      "version": "7.22.20",
      "resolved": "https://registry.npmjs.org/@babel/helper-validator-identifier/-/helper-validator-identifier-7.22.20.tgz",
      "integrity": "sha512-Y4OZ+ytlatR8AI+8KZfKuL5urKp7qey08ha31L8b3BwewJAoJamTzyvxPR/5D+KkdJCGPq/+8TukHBlY10FX9A==",
      "dev": true
    },
    "@babel/parser": {
      "version": "7.23.5",
      "resolved": "https://registry.npmjs.org/@babel/parser/-/parser-7.23.5.tgz",
      "integrity": "sha512-hOOqoiNXrmGdFbhgCzu6GiURxUgM27Xwd/aPuu8RfHEZPBzL1Z54okAHAQjXfcQNwvrlkAmAp4SlRTZ45vlthQ==",
      "dev": true
    },
    "@babel/types": {
      "version": "7.23.5",
      "resolved": "https://registry.npmjs.org/@babel/types/-/types-7.23.5.tgz",
      "integrity": "sha512-ON5kSOJwVO6xXVRTvOI0eOnWe7VdUcIpsovGo9U/Br4Ie4UVFQTboO2cYnDhAGU6Fp+UxSiT+pMft0SMHfuq6w==",
      "dev": true,
      "requires": {
        "@babel/helper-string-parser": "^7.23.4",
        "@babel/helper-validator-identifier": "^7.22.20",
        "to-fast-properties": "^2.0.0"
      }
    },
    "@types/accepts": {
      "version": "1.3.7",
      "resolved": "https://registry.npmjs.org/@types/accepts/-/accepts-1.3.7.tgz",
      "integrity": "sha512-Pay9fq2lM2wXPWbteBsRAGiWH2hig4ZE2asK+mm7kUzlxRTfL961rj89I6zV/E3PcIkDqyuBEcMxFT7rccugeQ==",
      "dev": true,
      "requires": {
        "@types/node": "*"
      }
    },
    "@types/babel__core": {
      "version": "7.20.5",
      "resolved": "https://registry.npmjs.org/@types/babel__core/-/babel__core-7.20.5.tgz",
      "integrity": "sha512-qoQprZvz5wQFJwMDqeseRXWv3rqMvhgpbXFfVyWhbx9X47POIA6i/+dXefEmZKoAgOaTdaIgNSMqMIU61yRyzA==",
      "dev": true,
      "requires": {
        "@babel/parser": "^7.20.7",
        "@babel/types": "^7.20.7",
        "@types/babel__generator": "*",
        "@types/babel__template": "*",
        "@types/babel__traverse": "*"
      }
    },
    "@types/babel__generator": {
      "version": "7.6.7",
      "resolved": "https://registry.npmjs.org/@types/babel__generator/-/babel__generator-7.6.7.tgz",
      "integrity": "sha512-6Sfsq+EaaLrw4RmdFWE9Onp63TOUue71AWb4Gpa6JxzgTYtimbM086WnYTy2U67AofR++QKCo08ZP6pwx8YFHQ==",
      "dev": true,
      "requires": {
        "@babel/types": "^7.0.0"
      }
    },
    "@types/babel__template": {
      "version": "7.4.4",
      "resolved": "https://registry.npmjs.org/@types/babel__template/-/babel__template-7.4.4.tgz",
      "integrity": "sha512-h/NUaSyG5EyxBIp8YRxo4RMe2/qQgvyowRwVMzhYhBCONbW8PUsg4lkFMrhgZhUe5z3L3MiLDuvyJ/CaPa2A8A==",
      "dev": true,
      "requires": {
        "@babel/parser": "^7.1.0",
        "@babel/types": "^7.0.0"
      }
    },
    "@types/babel__traverse": {
      "version": "7.20.4",
      "resolved": "https://registry.npmjs.org/@types/babel__traverse/-/babel__traverse-7.20.4.tgz",
      "integrity": "sha512-mSM/iKUk5fDDrEV/e83qY+Cr3I1+Q3qqTuEn++HAWYjEa1+NxZr6CNrcJGf2ZTnq4HoFGC3zaTPZTobCzCFukA==",
      "dev": true,
      "requires": {
        "@babel/types": "^7.20.7"
      }
    },
    "@types/body-parser": {
      "version": "1.19.5",
      "resolved": "https://registry.npmjs.org/@types/body-parser/-/body-parser-1.19.5.tgz",
      "integrity": "sha512-fB3Zu92ucau0iQ0JMCFQE7b/dv8Ot07NI3KaZIkIUNXq82k4eBAqUaneXfleGY9JWskeS9y+u0nXMyspcuQrCg==",
      "dev": true,
      "requires": {
        "@types/connect": "*",
        "@types/node": "*"
      }
    },
    "@types/co": {
      "version": "4.6.6",
      "resolved": "https://registry.npmjs.org/@types/co/-/co-4.6.6.tgz",
      "integrity": "sha512-m46q2/3TSimTBeA710v73YosbYlEHbuF1mdIg0SGFtqb/lk1bgqF05dhg0KHUyhUQV2Z9vMnSa3MCw/utYHqPg==",
      "dev": true
    },
    "@types/co-body": {
      "version": "6.1.3",
      "resolved": "https://registry.npmjs.org/@types/co-body/-/co-body-6.1.3.tgz",
      "integrity": "sha512-UhuhrQ5hclX6UJctv5m4Rfp52AfG9o9+d9/HwjxhVB5NjXxr5t9oKgJxN8xRHgr35oo8meUEHUPFWiKg6y71aA==",
      "dev": true,
      "requires": {
        "@types/node": "*",
        "@types/qs": "*"
      }
    },
    "@types/connect": {
      "version": "3.4.38",
      "resolved": "https://registry.npmjs.org/@types/connect/-/connect-3.4.38.tgz",
      "integrity": "sha512-K6uROf1LD88uDQqJCktA4yzL1YYAK6NgfsI0v/mTgyPKWsX1CnJ0XPSDhViejru1GcRkLWb8RlzFYJRqGUbaug==",
      "dev": true,
      "requires": {
        "@types/node": "*"
      }
    },
    "@types/content-disposition": {
      "version": "0.5.8",
      "resolved": "https://registry.npmjs.org/@types/content-disposition/-/content-disposition-0.5.8.tgz",
      "integrity": "sha512-QVSSvno3dE0MgO76pJhmv4Qyi/j0Yk9pBp0Y7TJ2Tlj+KCgJWY6qX7nnxCOLkZ3VYRSIk1WTxCvwUSdx6CCLdg==",
      "dev": true
    },
    "@types/content-type": {
      "version": "1.1.8",
      "resolved": "https://registry.npmjs.org/@types/content-type/-/content-type-1.1.8.tgz",
      "integrity": "sha512-1tBhmVUeso3+ahfyaKluXe38p+94lovUZdoVfQ3OnJo9uJC42JT7CBoN3k9HYhAae+GwiBYmHu+N9FZhOG+2Pg==",
      "dev": true
    },
    "@types/cookies": {
      "version": "0.7.10",
      "resolved": "https://registry.npmjs.org/@types/cookies/-/cookies-0.7.10.tgz",
      "integrity": "sha512-hmUCjAk2fwZVPPkkPBcI7jGLIR5mg4OVoNMBwU6aVsMm/iNPY7z9/R+x2fSwLt/ZXoGua6C5Zy2k5xOo9jUyhQ==",
      "dev": true,
      "requires": {
        "@types/connect": "*",
        "@types/express": "*",
        "@types/keygrip": "*",
        "@types/node": "*"
      }
    },
    "@types/delegates": {
      "version": "1.0.3",
      "resolved": "https://registry.npmjs.org/@types/delegates/-/delegates-1.0.3.tgz",
      "integrity": "sha512-bcD7QDnXObqyfLmntMEmQBYhglprxQOSrYl8RP1afec18qVsuxFGu7noFQEpSC91DWZuXBjcoA3FVTMm4Xeoyg==",
      "dev": true
    },
    "@types/depd": {
      "version": "1.1.36",
      "resolved": "https://registry.npmjs.org/@types/depd/-/depd-1.1.36.tgz",
      "integrity": "sha512-+apvfj5Bn6ORfud9XrgoIu6H6s2pTN+X8rQ2LgkA3YUXY+PiXkCJjizh8qxv8CrLtXlxw3NCmYrNbbeckVOQrA==",
      "dev": true,
      "requires": {
        "@types/node": "*"
      }
    },
    "@types/destroy": {
      "version": "1.0.3",
      "resolved": "https://registry.npmjs.org/@types/destroy/-/destroy-1.0.3.tgz",
      "integrity": "sha512-nRcH61sRUBct1KM6dV4kjNzgLBrM6eSafsBfoGo/tOeKkTPbYsqi5uJqh8Rq7M9+stYh0wW+Tg56XFcsCPrjhw==",
      "dev": true,
      "requires": {
        "@types/node": "*"
      }
    },
    "@types/ee-first": {
      "version": "1.1.3",
      "resolved": "https://registry.npmjs.org/@types/ee-first/-/ee-first-1.1.3.tgz",
      "integrity": "sha512-j0b+mUFtBRe1n3bwikuFmooko73tiy6ArIb2ZjmsstYXdzsSt7MTlldEM39WIXVsElpUWOAiMFQeFpYOGNB4uQ==",
      "dev": true,
      "requires": {
        "@types/node": "*"
      }
    },
    "@types/encodeurl": {
      "version": "1.0.2",
      "resolved": "https://registry.npmjs.org/@types/encodeurl/-/encodeurl-1.0.2.tgz",
      "integrity": "sha512-oSnLIbaOi9CK6ksuZLxVfIs95wzG0gxjch0Mu0P/ViwLj5gvqmd2iy0e6NYluiEOCeUIFdyE9oR9kLKwDa++dw==",
      "dev": true
    },
    "@types/escape-html": {
      "version": "1.0.4",
      "resolved": "https://registry.npmjs.org/@types/escape-html/-/escape-html-1.0.4.tgz",
      "integrity": "sha512-qZ72SFTgUAZ5a7Tj6kf2SHLetiH5S6f8G5frB2SPQ3EyF02kxdyBFf4Tz4banE3xCgGnKgWLt//a6VuYHKYJTg==",
      "dev": true
    },
    "@types/express": {
      "version": "4.17.21",
      "resolved": "https://registry.npmjs.org/@types/express/-/express-4.17.21.tgz",
      "integrity": "sha512-ejlPM315qwLpaQlQDTjPdsUFSc6ZsP4AN6AlWnogPjQ7CVi7PYF3YVz+CY3jE2pwYf7E/7HlDAN0rV2GxTG0HQ==",
      "dev": true,
      "requires": {
        "@types/body-parser": "*",
        "@types/express-serve-static-core": "^4.17.33",
        "@types/qs": "*",
        "@types/serve-static": "*"
      }
    },
    "@types/express-serve-static-core": {
      "version": "4.17.41",
      "resolved": "https://registry.npmjs.org/@types/express-serve-static-core/-/express-serve-static-core-4.17.41.tgz",
      "integrity": "sha512-OaJ7XLaelTgrvlZD8/aa0vvvxZdUmlCn6MtWeB7TkiKW70BQLc9XEPpDLPdbo52ZhXUCrznlWdCHWxJWtdyajA==",
      "dev": true,
      "requires": {
        "@types/node": "*",
        "@types/qs": "*",
        "@types/range-parser": "*",
        "@types/send": "*"
      }
    },
    "@types/fresh": {
      "version": "0.5.2",
      "resolved": "https://registry.npmjs.org/@types/fresh/-/fresh-0.5.2.tgz",
      "integrity": "sha512-3WJILVS3mH25chJYG8WLzgohpXkqSE5S1dKFSWi+0O6hLjzZKL+AUvjFsk3YqwnUcRL6lQ2BR1IKVwedj5AiEw==",
      "dev": true
    },
    "@types/http-assert": {
      "version": "1.5.5",
      "resolved": "https://registry.npmjs.org/@types/http-assert/-/http-assert-1.5.5.tgz",
      "integrity": "sha512-4+tE/lwdAahgZT1g30Jkdm9PzFRde0xwxBNUyRsCitRvCQB90iuA2uJYdUnhnANRcqGXaWOGY4FEoxeElNAK2g==",
      "dev": true
    },
    "@types/http-errors": {
      "version": "2.0.4",
      "resolved": "https://registry.npmjs.org/@types/http-errors/-/http-errors-2.0.4.tgz",
      "integrity": "sha512-D0CFMMtydbJAegzOyHjtiKPLlvnm3iTZyZRSZoLq2mRhDdmLfIWOCYPfQJ4cu2erKghU++QvjcUjp/5h7hESpA==",
      "dev": true
    },
    "@types/inherits": {
      "version": "0.0.33",
      "resolved": "https://registry.npmjs.org/@types/inherits/-/inherits-0.0.33.tgz",
      "integrity": "sha512-ICS/+dYTkt3D7GPBAKqAAFXpeoWOZ6CVhiOlcweN4t3gZd8joVIy43KWsKGPL+d2Rvxunhz80Z7zlZhmR/q+GQ==",
      "dev": true,
      "requires": {
        "@types/node": "*"
      }
    },
    "@types/is-generator-function": {
      "version": "1.0.3",
      "resolved": "https://registry.npmjs.org/@types/is-generator-function/-/is-generator-function-1.0.3.tgz",
      "integrity": "sha512-L8EADYb46z/AFRBoNi0/8x4md74RXNqkMHoR2ga18IL2F+0G8fxMhzZGDOfuaRtkNBe0iAMoAqYMbpaa/ND8iA==",
      "dev": true
    },
    "@types/keygrip": {
      "version": "1.0.6",
      "resolved": "https://registry.npmjs.org/@types/keygrip/-/keygrip-1.0.6.tgz",
      "integrity": "sha512-lZuNAY9xeJt7Bx4t4dx0rYCDqGPW8RXhQZK1td7d4H6E9zYbLoOtjBvfwdTKpsyxQI/2jv+armjX/RW+ZNpXOQ==",
      "dev": true
    },
    "@types/koa": {
      "version": "2.13.12",
      "resolved": "https://registry.npmjs.org/@types/koa/-/koa-2.13.12.tgz",
      "integrity": "sha512-vAo1KuDSYWFDB4Cs80CHvfmzSQWeUb909aQib0C0aFx4sw0K9UZFz2m5jaEP+b3X1+yr904iQiruS0hXi31jbw==",
      "dev": true,
      "requires": {
        "@types/accepts": "*",
        "@types/content-disposition": "*",
        "@types/cookies": "*",
        "@types/http-assert": "*",
        "@types/http-errors": "*",
        "@types/keygrip": "*",
        "@types/koa-compose": "*",
        "@types/node": "*"
      }
    },
    "@types/koa-bodyparser": {
      "version": "4.3.12",
      "resolved": "https://registry.npmjs.org/@types/koa-bodyparser/-/koa-bodyparser-4.3.12.tgz",
      "integrity": "sha512-hKMmRMVP889gPIdLZmmtou/BijaU1tHPyMNmcK7FAHAdATnRcGQQy78EqTTxLH1D4FTsrxIzklAQCso9oGoebQ==",
      "dev": true,
      "requires": {
        "@types/koa": "*"
      }
    },
    "@types/koa-compose": {
      "version": "3.2.8",
      "resolved": "https://registry.npmjs.org/@types/koa-compose/-/koa-compose-3.2.8.tgz",
      "integrity": "sha512-4Olc63RY+MKvxMwVknCUDhRQX1pFQoBZ/lXcRLP69PQkEpze/0cr8LNqJQe5NFb/b19DWi2a5bTi2VAlQzhJuA==",
      "dev": true,
      "requires": {
        "@types/koa": "*"
      }
    },
    "@types/koa-convert": {
      "version": "1.2.7",
      "resolved": "https://registry.npmjs.org/@types/koa-convert/-/koa-convert-1.2.7.tgz",
      "integrity": "sha512-y4jFyd1Q/lFipo0xBs+T8ltbmbLXRcfHglYBE+qo+e+hGFKOxV5sd9+6CQ3BUm5RJafh+WNigM+LuPU2PWAL0g==",
      "dev": true,
      "requires": {
        "@types/koa": "*"
      }
    },
    "@types/koa-send": {
      "version": "4.1.6",
      "resolved": "https://registry.npmjs.org/@types/koa-send/-/koa-send-4.1.6.tgz",
      "integrity": "sha512-vgnNGoOJkx7FrF0Jl6rbK1f8bBecqAchKpXtKuXzqIEdXTDO6dsSTjr+eZ5m7ltSjH4K/E7auNJEQCAd0McUPA==",
      "dev": true,
      "requires": {
        "@types/koa": "*"
      }
    },
    "@types/koa-static": {
      "version": "4.0.4",
      "resolved": "https://registry.npmjs.org/@types/koa-static/-/koa-static-4.0.4.tgz",
      "integrity": "sha512-j1AUzzl7eJYEk9g01hNTlhmipFh8RFbOQmaMNLvLcNNAkPw0bdTs3XTa3V045XFlrWN0QYnblbDJv2RzawTn6A==",
      "dev": true,
      "requires": {
        "@types/koa": "*",
        "@types/koa-send": "*"
      }
    },
    "@types/koa__cors": {
      "version": "5.0.0",
      "resolved": "https://registry.npmjs.org/@types/koa__cors/-/koa__cors-5.0.0.tgz",
      "integrity": "sha512-LCk/n25Obq5qlernGOK/2LUwa/2YJb2lxHUkkvYFDOpLXlVI6tKcdfCHRBQnOY4LwH6el5WOLs6PD/a8Uzau6g==",
      "dev": true,
      "requires": {
        "@types/koa": "*"
      }
    },
    "@types/koa__multer": {
      "version": "2.0.7",
      "resolved": "https://registry.npmjs.org/@types/koa__multer/-/koa__multer-2.0.7.tgz",
      "integrity": "sha512-O7hiAEpdgW1nly93jQ8TVL2nPC7Bg1HHRf1/LGNQb7ygGBjNgZWpliCm7tswNW3MjcgYbTtz0+Sca5wHne+RyA==",
      "dev": true,
      "requires": {
        "@types/koa": "*"
      }
    },
    "@types/koa__router": {
      "version": "12.0.4",
      "resolved": "https://registry.npmjs.org/@types/koa__router/-/koa__router-12.0.4.tgz",
      "integrity": "sha512-Y7YBbSmfXZpa/m5UGGzb7XadJIRBRnwNY9cdAojZGp65Cpe5MAP3mOZE7e3bImt8dfKS4UFcR16SLH8L/z7PBw==",
      "dev": true,
      "requires": {
        "@types/koa": "*"
      }
    },
    "@types/media-typer": {
      "version": "1.1.3",
      "resolved": "https://registry.npmjs.org/@types/media-typer/-/media-typer-1.1.3.tgz",
      "integrity": "sha512-VdcF4m1OVqqBZXzoWVneuJkTSk3edcd2Tu9fNWh5fu8UI+YImy/ZzqXkM4nqszV2I+D36IpEOsRLlgqI728yyA==",
      "dev": true
    },
    "@types/methods": {
      "version": "1.1.4",
      "resolved": "https://registry.npmjs.org/@types/methods/-/methods-1.1.4.tgz",
      "integrity": "sha512-ymXWVrDiCxTBE3+RIrrP533E70eA+9qu7zdWoHuOmGujkYtzf4HQF96b8nwHLqhuf4ykX61IGRIB38CC6/sImQ==",
      "dev": true
    },
    "@types/mime": {
      "version": "1.3.5",
      "resolved": "https://registry.npmjs.org/@types/mime/-/mime-1.3.5.tgz",
      "integrity": "sha512-/pyBZWSLD2n0dcHE3hq8s8ZvcETHtEuF+3E7XVt0Ig2nvsVQXdghHVcEkIWjy9A0wKfTn97a/PSDYohKIlnP/w==",
      "dev": true
    },
    "@types/mime-types": {
      "version": "2.1.4",
      "resolved": "https://registry.npmjs.org/@types/mime-types/-/mime-types-2.1.4.tgz",
      "integrity": "sha512-lfU4b34HOri+kAY5UheuFMWPDOI+OPceBSHZKp69gEyTL/mmJ4cnU6Y/rlme3UL3GyOn6Y42hyIEw0/q8sWx5w==",
      "dev": true
    },
    "@types/node": {
      "version": "20.10.2",
      "resolved": "https://registry.npmjs.org/@types/node/-/node-20.10.2.tgz",
      "integrity": "sha512-37MXfxkb0vuIlRKHNxwCkb60PNBpR94u4efQuN4JgIAm66zfCDXGSAFCef9XUWFovX2R1ok6Z7MHhtdVXXkkIw==",
      "dev": true,
      "requires": {
        "undici-types": "~5.26.4"
      }
    },
    "@types/on-finished": {
      "version": "2.3.4",
      "resolved": "https://registry.npmjs.org/@types/on-finished/-/on-finished-2.3.4.tgz",
      "integrity": "sha512-Ld4UQD3udYcKPaAWlI1EYXKhefkZcTlpqOLkQRmN3u5Ml/tUypMivUHbNH8LweP4H4FlhGGO+uBjJI1Y1dkE1g==",
      "dev": true,
      "requires": {
        "@types/node": "*"
      }
    },
    "@types/parseurl": {
      "version": "1.3.3",
      "resolved": "https://registry.npmjs.org/@types/parseurl/-/parseurl-1.3.3.tgz",
      "integrity": "sha512-eamlh+uXpNIG2yVdl6UdBTR3B6jtmJl/JWTNTQAN1K3VH1s5F6UPOhgLwCnU9FJ7R/PnUsRN9zFSpMcxwa2Ndg==",
      "dev": true,
      "requires": {
        "@types/node": "*"
      }
    },
    "@types/qs": {
      "version": "6.9.10",
      "resolved": "https://registry.npmjs.org/@types/qs/-/qs-6.9.10.tgz",
      "integrity": "sha512-3Gnx08Ns1sEoCrWssEgTSJs/rsT2vhGP+Ja9cnnk9k4ALxinORlQneLXFeFKOTJMOeZUFD1s7w+w2AphTpvzZw==",
      "dev": true
    },
    "@types/range-parser": {
      "version": "1.2.7",
      "resolved": "https://registry.npmjs.org/@types/range-parser/-/range-parser-1.2.7.tgz",
      "integrity": "sha512-hKormJbkJqzQGhziax5PItDUTMAM9uE2XXQmM37dyd4hVM+5aVl7oVxMVUiVQn2oCQFN/LKCZdvSM0pFRqbSmQ==",
      "dev": true
    },
    "@types/resolve-path": {
      "version": "1.4.2",
      "resolved": "https://registry.npmjs.org/@types/resolve-path/-/resolve-path-1.4.2.tgz",
      "integrity": "sha512-tAt9lBclaYmgg4GErwNWM6rG3FkA1lNckmujXJ9hqWDUKhBzTrccKwAYzMK8ScaT2Rxf2m2OXOdeVxXrOlqq9A==",
      "dev": true
    },
    "@types/send": {
      "version": "0.17.4",
      "resolved": "https://registry.npmjs.org/@types/send/-/send-0.17.4.tgz",
      "integrity": "sha512-x2EM6TJOybec7c52BX0ZspPodMsQUd5L6PRwOunVyVUhXiBSKf3AezDL8Dgvgt5o0UfKNfuA0eMLr2wLT4AiBA==",
      "dev": true,
      "requires": {
        "@types/mime": "^1",
        "@types/node": "*"
      }
    },
    "@types/serve-static": {
      "version": "1.15.5",
      "resolved": "https://registry.npmjs.org/@types/serve-static/-/serve-static-1.15.5.tgz",
      "integrity": "sha512-PDRk21MnK70hja/YF8AHfC7yIsiQHn1rcXx7ijCFBX/k+XQJhQT/gw3xekXKJvx+5SXaMMS8oqQy09Mzvz2TuQ==",
      "dev": true,
      "requires": {
        "@types/http-errors": "*",
        "@types/mime": "*",
        "@types/node": "*"
      }
    },
    "@types/statuses": {
      "version": "2.0.4",
      "resolved": "https://registry.npmjs.org/@types/statuses/-/statuses-2.0.4.tgz",
      "integrity": "sha512-eqNDvZsCNY49OAXB0Firg/Sc2BgoWsntsLUdybGFOhAfCD6QJ2n9HXUIHGqt5qjrxmMv4wS8WLAw43ZkKcJ8Pw==",
      "dev": true
    },
    "@types/toidentifier": {
      "version": "1.0.2",
      "resolved": "https://registry.npmjs.org/@types/toidentifier/-/toidentifier-1.0.2.tgz",
      "integrity": "sha512-QDud7UhHNNPBlyEXVT6Taf/0S3hEM5Iid+q/zwBmjJPCGL5j27uhwECQnFSQbedbLqhQIB9fzDNaBwU+blFL6A==",
      "dev": true
    },
    "@types/type-is": {
      "version": "1.6.6",
      "resolved": "https://registry.npmjs.org/@types/type-is/-/type-is-1.6.6.tgz",
      "integrity": "sha512-fs1KHv/f9OvmTMsu4sBNaUu32oyda9Y9uK25naJG8gayxNrfqGIjPQsbLIYyfe7xFkppnPlJB+BuTldOaX9bXw==",
      "dev": true,
      "requires": {
        "@types/node": "*"
      }
    },
    "@types/vary": {
      "version": "1.1.3",
      "resolved": "https://registry.npmjs.org/@types/vary/-/vary-1.1.3.tgz",
      "integrity": "sha512-XJT8/ZQCL7NUut9QDLf6l24JfAEl7bnNdgxfj50cHIpEPRJLHHDDFOAq6i+GsEmeFfH7NamhBE4c4Thtb2egWg==",
      "dev": true,
      "requires": {
        "@types/node": "*"
      }
    },
    "to-fast-properties": {
      "version": "2.0.0",
      "resolved": "https://registry.npmjs.org/to-fast-properties/-/to-fast-properties-2.0.0.tgz",
      "integrity": "sha512-/OaKK0xYrs3DmxRYqL/yDc+FxFUVYhDlXMhRmv3z915w2HF1tnN1omB354j8VUGO/hbRzyD6Y3sA7v7GS/ceog==",
      "dev": true
    },
    "types-registry": {
      "version": "0.1.677",
      "resolved": "https://registry.npmjs.org/types-registry/-/types-registry-0.1.677.tgz",
      "integrity": "sha512-i7PXe/06LN7WwNJh3zxjcoK0EjR9am71ELc8ACKlN2dGYbaPrv7WaIqsY80mljXddXf4EzOuLvzBDAA9SfKW5A=="
    },
    "undici-types": {
      "version": "5.26.5",
      "resolved": "https://registry.npmjs.org/undici-types/-/undici-types-5.26.5.tgz",
      "integrity": "sha512-JlCMO+ehdEIKqlFxk6IfVoAUVmgz7cU7zD/h9XZ0qzeosSHmUJVOzSQvvYSYWXkFXC+IfLKSIffhv0sVZup6pA==",
      "dev": true
    }
  }
}
